
Microsoft Visual Studio Solution File, Format Version 12.00
# Visual Studio Version 17
VisualStudioVersion = 17.10.35122.118
MinimumVisualStudioVersion = 10.0.40219.1
Project("{FAE04EC0-301F-11D3-BF4B-00C04F79EFBC}") = "Code_Generator", "Code_Generator.csproj", "{0A660C1B-99B8-4305-A1C7-A2B9FDD52F6D}"
EndProject
Project("{FAE04EC0-301F-11D3-BF4B-00C04F79EFBC}") = "CodeGenerator_BusinessLayer", "..\CodeGenerator_BusinessLayer\CodeGenerator_BusinessLayer.csproj", "{59375ED9-4E18-418C-B8EC-5CB29AABA580}"
EndProject
Project("{FAE04EC0-301F-11D3-BF4B-00C04F79EFBC}") = "CodeGenerater_DataAcessLayer", "..\CodeGenerater_DataAcessLayer\CodeGenerater_DataAcessLayer.csproj", "{C842CFB3-DDB0-4BD0-A30E-C2654F4CDD43}"
EndProject
Global
	GlobalSection(SolutionConfigurationPlatforms) = preSolution
		Debug|Any CPU = Debug|Any CPU
		Release|Any CPU = Release|Any CPU
	EndGlobalSection
	GlobalSection(ProjectConfigurationPlatforms) = postSolution
		{0A660C1B-99B8-4305-A1C7-A2B9FDD52F6D}.Debug|Any CPU.ActiveCfg = Debug|Any CPU
		{0A660C1B-99B8-4305-A1C7-A2B9FDD52F6D}.Debug|Any CPU.Build.0 = Debug|Any CPU
		{0A660C1B-99B8-4305-A1C7-A2B9FDD52F6D}.Release|Any CPU.ActiveCfg = Release|Any CPU
		{0A660C1B-99B8-4305-A1C7-A2B9FDD52F6D}.Release|Any CPU.Build.0 = Release|Any CPU
		{59375ED9-4E18-418C-B8EC-5CB29AABA580}.Debug|Any CPU.ActiveCfg = Debug|Any CPU
		{59375ED9-4E18-418C-B8EC-5CB29AABA580}.Debug|Any CPU.Build.0 = Debug|Any CPU
		{59375ED9-4E18-418C-B8EC-5CB29AABA580}.Release|Any CPU.ActiveCfg = Release|Any CPU
		{59375ED9-4E18-418C-B8EC-5CB29AABA580}.Release|Any CPU.Build.0 = Release|Any CPU
		{C842CFB3-DDB0-4BD0-A30E-C2654F4CDD43}.Debug|Any CPU.ActiveCfg = Debug|Any CPU
		{C842CFB3-DDB0-4BD0-A30E-C2654F4CDD43}.Debug|Any CPU.Build.0 = Debug|Any CPU
		{C842CFB3-DDB0-4BD0-A30E-C2654F4CDD43}.Release|Any CPU.ActiveCfg = Release|Any CPU
		{C842CFB3-DDB0-4BD0-A30E-C2654F4CDD43}.Release|Any CPU.Build.0 = Release|Any CPU
	EndGlobalSection
	GlobalSection(SolutionProperties) = preSolution
		HideSolutionNode = FALSE
	EndGlobalSection
	GlobalSection(ExtensibilityGlobals) = postSolution
		SolutionGuid = {BA9ACF07-0DF9-47AF-B9FA-90BA15F0CED1}
	EndGlobalSection
EndGlobal
